// !$*UTF8*$!
{
	archiveVersion = 1;
	classes = {
	};
	objectVersion = 50;
	objects = {

/* Begin PBXBuildFile section */
		5748EC582564A8F80018F250 /* AppDelegate.swift in Sources */ = {isa = PBXBuildFile; fileRef = 5748EC572564A8F80018F250 /* AppDelegate.swift */; };
		5748EC5A2564A8F80018F250 /* SceneDelegate.swift in Sources */ = {isa = PBXBuildFile; fileRef = 5748EC592564A8F80018F250 /* SceneDelegate.swift */; };
		5748EC612564A8FA0018F250 /* Assets.xcassets in Resources */ = {isa = PBXBuildFile; fileRef = 5748EC602564A8FA0018F250 /* Assets.xcassets */; };
		5748EC642564A8FA0018F250 /* LaunchScreen.storyboard in Resources */ = {isa = PBXBuildFile; fileRef = 5748EC622564A8FA0018F250 /* LaunchScreen.storyboard */; };
		5748EC712564A9C40018F250 /* MainViewController.swift in Sources */ = {isa = PBXBuildFile; fileRef = 5748EC6F2564A9C40018F250 /* MainViewController.swift */; };
		5748EC7E2564AC9E0018F250 /* MainRouter.swift in Sources */ = {isa = PBXBuildFile; fileRef = 5748EC7D2564AC9E0018F250 /* MainRouter.swift */; };
		5748EC822564AD0C0018F250 /* MainPresenter.swift in Sources */ = {isa = PBXBuildFile; fileRef = 5748EC812564AD0C0018F250 /* MainPresenter.swift */; };
		5748EC852564AD150018F250 /* MainInteractor.swift in Sources */ = {isa = PBXBuildFile; fileRef = 5748EC842564AD150018F250 /* MainInteractor.swift */; };
		5748EC882564AD240018F250 /* MainEntity.swift in Sources */ = {isa = PBXBuildFile; fileRef = 5748EC872564AD240018F250 /* MainEntity.swift */; };
		5748EC8C2564ADF00018F250 /* Presenterable.swift in Sources */ = {isa = PBXBuildFile; fileRef = 5748EC8B2564ADF00018F250 /* Presenterable.swift */; };
		5748EC902564ADF90018F250 /* Interactorable.swift in Sources */ = {isa = PBXBuildFile; fileRef = 5748EC8F2564ADF90018F250 /* Interactorable.swift */; };
		5748EC932564AE030018F250 /* Viewable.swift in Sources */ = {isa = PBXBuildFile; fileRef = 5748EC922564AE030018F250 /* Viewable.swift */; };
		5748EC962564AE0A0018F250 /* Routerable.swift in Sources */ = {isa = PBXBuildFile; fileRef = 5748EC952564AE0A0018F250 /* Routerable.swift */; };
		5748ECA22564C4DF0018F250 /* CharacterCollectionViewCell.swift in Sources */ = {isa = PBXBuildFile; fileRef = 5748ECA02564C4DF0018F250 /* CharacterCollectionViewCell.swift */; };
		5748ECA32564C4DF0018F250 /* CharacterCollectionViewCell.xib in Resources */ = {isa = PBXBuildFile; fileRef = 5748ECA12564C4DF0018F250 /* CharacterCollectionViewCell.xib */; };
		5748ECAD2564CA160018F250 /* CharacterFetchResult.swift in Sources */ = {isa = PBXBuildFile; fileRef = 5748ECAC2564CA160018F250 /* CharacterFetchResult.swift */; };
		5748ECBA2564D6390018F250 /* RickAndMortyAPI.swift in Sources */ = {isa = PBXBuildFile; fileRef = 5748ECB92564D6390018F250 /* RickAndMortyAPI.swift */; };
		5748ECBF2564DFA20018F250 /* Collection+Extensions.swift in Sources */ = {isa = PBXBuildFile; fileRef = 5748ECBE2564DFA20018F250 /* Collection+Extensions.swift */; };
		5748ECC22564E0A30018F250 /* MainCollectionViewDataSource.swift in Sources */ = {isa = PBXBuildFile; fileRef = 5748ECC12564E0A30018F250 /* MainCollectionViewDataSource.swift */; };
		5748ECC62564E57D0018F250 /* AsyncLoadedImageView.swift in Sources */ = {isa = PBXBuildFile; fileRef = 5748ECC52564E57D0018F250 /* AsyncLoadedImageView.swift */; };
		57967FE72565102C007D9ADF /* UIDevice+Extensions.swift in Sources */ = {isa = PBXBuildFile; fileRef = 57967FE62565102C007D9ADF /* UIDevice+Extensions.swift */; };
		57967FEB2565133A007D9ADF /* FooterActivityIndicatorCollectionReusableView.swift in Sources */ = {isa = PBXBuildFile; fileRef = 57967FE92565133A007D9ADF /* FooterActivityIndicatorCollectionReusableView.swift */; };
		57967FEC2565133A007D9ADF /* FooterActivityIndicatorCollectionReusableView.xib in Resources */ = {isa = PBXBuildFile; fileRef = 57967FEA2565133A007D9ADF /* FooterActivityIndicatorCollectionReusableView.xib */; };
		57C79CAB256527F0004B36CD /* APICaller.swift in Sources */ = {isa = PBXBuildFile; fileRef = 57C79CAA256527F0004B36CD /* APICaller.swift */; };
		57F610E0256CF35C0054BB68 /* Main.storyboard in Resources */ = {isa = PBXBuildFile; fileRef = 57F610DF256CF35C0054BB68 /* Main.storyboard */; };
		57F610E3256D21E60054BB68 /* ErrorView.swift in Sources */ = {isa = PBXBuildFile; fileRef = 57F610E2256D21E60054BB68 /* ErrorView.swift */; };
		57F610EF256D30950054BB68 /* StringProtocol+Extensions.swift in Sources */ = {isa = PBXBuildFile; fileRef = 57F610EE256D30950054BB68 /* StringProtocol+Extensions.swift */; };
		57F610F3256D32E10054BB68 /* Alertable.swift in Sources */ = {isa = PBXBuildFile; fileRef = 57F610F2256D32E10054BB68 /* Alertable.swift */; };
		57F610F6256D42440054BB68 /* UIAlertController+Extensions.swift in Sources */ = {isa = PBXBuildFile; fileRef = 57F610F5256D42440054BB68 /* UIAlertController+Extensions.swift */; };
/* End PBXBuildFile section */

/* Begin PBXFileReference section */
		5748EC542564A8F80018F250 /* VIPER-Test.app */ = {isa = PBXFileReference; explicitFileType = wrapper.application; includeInIndex = 0; path = "VIPER-Test.app"; sourceTree = BUILT_PRODUCTS_DIR; };
		5748EC572564A8F80018F250 /* AppDelegate.swift */ = {isa = PBXFileReference; lastKnownFileType = sourcecode.swift; path = AppDelegate.swift; sourceTree = "<group>"; };
		5748EC592564A8F80018F250 /* SceneDelegate.swift */ = {isa = PBXFileReference; lastKnownFileType = sourcecode.swift; path = SceneDelegate.swift; sourceTree = "<group>"; };
		5748EC602564A8FA0018F250 /* Assets.xcassets */ = {isa = PBXFileReference; lastKnownFileType = folder.assetcatalog; path = Assets.xcassets; sourceTree = "<group>"; };
		5748EC632564A8FA0018F250 /* Base */ = {isa = PBXFileReference; lastKnownFileType = file.storyboard; name = Base; path = Base.lproj/LaunchScreen.storyboard; sourceTree = "<group>"; };
		5748EC652564A8FA0018F250 /* Info.plist */ = {isa = PBXFileReference; lastKnownFileType = text.plist.xml; path = Info.plist; sourceTree = "<group>"; };
		5748EC6F2564A9C40018F250 /* MainViewController.swift */ = {isa = PBXFileReference; lastKnownFileType = sourcecode.swift; path = MainViewController.swift; sourceTree = "<group>"; };
		5748EC7D2564AC9E0018F250 /* MainRouter.swift */ = {isa = PBXFileReference; lastKnownFileType = sourcecode.swift; path = MainRouter.swift; sourceTree = "<group>"; };
		5748EC812564AD0C0018F250 /* MainPresenter.swift */ = {isa = PBXFileReference; lastKnownFileType = sourcecode.swift; path = MainPresenter.swift; sourceTree = "<group>"; };
		5748EC842564AD150018F250 /* MainInteractor.swift */ = {isa = PBXFileReference; lastKnownFileType = sourcecode.swift; path = MainInteractor.swift; sourceTree = "<group>"; };
		5748EC872564AD240018F250 /* MainEntity.swift */ = {isa = PBXFileReference; lastKnownFileType = sourcecode.swift; path = MainEntity.swift; sourceTree = "<group>"; };
		5748EC8B2564ADF00018F250 /* Presenterable.swift */ = {isa = PBXFileReference; lastKnownFileType = sourcecode.swift; path = Presenterable.swift; sourceTree = "<group>"; };
		5748EC8F2564ADF90018F250 /* Interactorable.swift */ = {isa = PBXFileReference; lastKnownFileType = sourcecode.swift; path = Interactorable.swift; sourceTree = "<group>"; };
		5748EC922564AE030018F250 /* Viewable.swift */ = {isa = PBXFileReference; lastKnownFileType = sourcecode.swift; path = Viewable.swift; sourceTree = "<group>"; };
		5748EC952564AE0A0018F250 /* Routerable.swift */ = {isa = PBXFileReference; lastKnownFileType = sourcecode.swift; path = Routerable.swift; sourceTree = "<group>"; };
		5748ECA02564C4DF0018F250 /* CharacterCollectionViewCell.swift */ = {isa = PBXFileReference; lastKnownFileType = sourcecode.swift; path = CharacterCollectionViewCell.swift; sourceTree = "<group>"; };
		5748ECA12564C4DF0018F250 /* CharacterCollectionViewCell.xib */ = {isa = PBXFileReference; lastKnownFileType = file.xib; path = CharacterCollectionViewCell.xib; sourceTree = "<group>"; };
		5748ECAC2564CA160018F250 /* CharacterFetchResult.swift */ = {isa = PBXFileReference; lastKnownFileType = sourcecode.swift; path = CharacterFetchResult.swift; sourceTree = "<group>"; };
		5748ECB92564D6390018F250 /* RickAndMortyAPI.swift */ = {isa = PBXFileReference; lastKnownFileType = sourcecode.swift; path = RickAndMortyAPI.swift; sourceTree = "<group>"; };
		5748ECBE2564DFA20018F250 /* Collection+Extensions.swift */ = {isa = PBXFileReference; lastKnownFileType = sourcecode.swift; path = "Collection+Extensions.swift"; sourceTree = "<group>"; };
		5748ECC12564E0A30018F250 /* MainCollectionViewDataSource.swift */ = {isa = PBXFileReference; lastKnownFileType = sourcecode.swift; path = MainCollectionViewDataSource.swift; sourceTree = "<group>"; };
		5748ECC52564E57D0018F250 /* AsyncLoadedImageView.swift */ = {isa = PBXFileReference; lastKnownFileType = sourcecode.swift; path = AsyncLoadedImageView.swift; sourceTree = "<group>"; };
		57967FE62565102C007D9ADF /* UIDevice+Extensions.swift */ = {isa = PBXFileReference; lastKnownFileType = sourcecode.swift; path = "UIDevice+Extensions.swift"; sourceTree = "<group>"; };
		57967FE92565133A007D9ADF /* FooterActivityIndicatorCollectionReusableView.swift */ = {isa = PBXFileReference; lastKnownFileType = sourcecode.swift; path = FooterActivityIndicatorCollectionReusableView.swift; sourceTree = "<group>"; };
		57967FEA2565133A007D9ADF /* FooterActivityIndicatorCollectionReusableView.xib */ = {isa = PBXFileReference; lastKnownFileType = file.xib; path = FooterActivityIndicatorCollectionReusableView.xib; sourceTree = "<group>"; };
		57C79CAA256527F0004B36CD /* APICaller.swift */ = {isa = PBXFileReference; lastKnownFileType = sourcecode.swift; path = APICaller.swift; sourceTree = "<group>"; };
		57F610DF256CF35C0054BB68 /* Main.storyboard */ = {isa = PBXFileReference; lastKnownFileType = file.storyboard; path = Main.storyboard; sourceTree = "<group>"; };
		57F610E2256D21E60054BB68 /* ErrorView.swift */ = {isa = PBXFileReference; lastKnownFileType = sourcecode.swift; path = ErrorView.swift; sourceTree = "<group>"; };
		57F610EE256D30950054BB68 /* StringProtocol+Extensions.swift */ = {isa = PBXFileReference; lastKnownFileType = sourcecode.swift; path = "StringProtocol+Extensions.swift"; sourceTree = "<group>"; };
		57F610F2256D32E10054BB68 /* Alertable.swift */ = {isa = PBXFileReference; lastKnownFileType = sourcecode.swift; path = Alertable.swift; sourceTree = "<group>"; };
		57F610F5256D42440054BB68 /* UIAlertController+Extensions.swift */ = {isa = PBXFileReference; lastKnownFileType = sourcecode.swift; path = "UIAlertController+Extensions.swift"; sourceTree = "<group>"; };
/* End PBXFileReference section */

/* Begin PBXFrameworksBuildPhase section */
		5748EC512564A8F80018F250 /* Frameworks */ = {
			isa = PBXFrameworksBuildPhase;
			buildActionMask = 2147483647;
			files = (
			);
			runOnlyForDeploymentPostprocessing = 0;
		};
/* End PBXFrameworksBuildPhase section */

/* Begin PBXGroup section */
		5748EC4B2564A8F80018F250 = {
			isa = PBXGroup;
			children = (
				5748EC562564A8F80018F250 /* VIPER-Test */,
				5748EC552564A8F80018F250 /* Products */,
			);
			sourceTree = "<group>";
		};
		5748EC552564A8F80018F250 /* Products */ = {
			isa = PBXGroup;
			children = (
				5748EC542564A8F80018F250 /* VIPER-Test.app */,
			);
			name = Products;
			sourceTree = "<group>";
		};
		5748EC562564A8F80018F250 /* VIPER-Test */ = {
			isa = PBXGroup;
			children = (
				5748EC572564A8F80018F250 /* AppDelegate.swift */,
				5748EC592564A8F80018F250 /* SceneDelegate.swift */,
				5748ECBD2564DF970018F250 /* Extensions */,
				5748ECA72564C9CF0018F250 /* APIs */,
				5748EC8A2564ADDE0018F250 /* Protocols */,
				5748EC6D2564A94C0018F250 /* Modules */,
				5748EC752564AA240018F250 /* Resources */,
			);
			path = "VIPER-Test";
			sourceTree = "<group>";
		};
		5748EC6D2564A94C0018F250 /* Modules */ = {
			isa = PBXGroup;
			children = (
				5748EC6E2564A9620018F250 /* Main Module */,
			);
			path = Modules;
			sourceTree = "<group>";
		};
		5748EC6E2564A9620018F250 /* Main Module */ = {
			isa = PBXGroup;
			children = (
				5748EC6F2564A9C40018F250 /* MainViewController.swift */,
				5748ECC12564E0A30018F250 /* MainCollectionViewDataSource.swift */,
				5748EC812564AD0C0018F250 /* MainPresenter.swift */,
				5748EC842564AD150018F250 /* MainInteractor.swift */,
				5748EC872564AD240018F250 /* MainEntity.swift */,
				5748EC7D2564AC9E0018F250 /* MainRouter.swift */,
				57F610DF256CF35C0054BB68 /* Main.storyboard */,
				5748ECC42564E5480018F250 /* Views */,
			);
			path = "Main Module";
			sourceTree = "<group>";
		};
		5748EC752564AA240018F250 /* Resources */ = {
			isa = PBXGroup;
			children = (
				5748EC602564A8FA0018F250 /* Assets.xcassets */,
				5748EC622564A8FA0018F250 /* LaunchScreen.storyboard */,
				5748EC652564A8FA0018F250 /* Info.plist */,
			);
			path = Resources;
			sourceTree = "<group>";
		};
		5748EC8A2564ADDE0018F250 /* Protocols */ = {
			isa = PBXGroup;
			children = (
				5748EC922564AE030018F250 /* Viewable.swift */,
				5748EC8B2564ADF00018F250 /* Presenterable.swift */,
				5748EC8F2564ADF90018F250 /* Interactorable.swift */,
				5748EC952564AE0A0018F250 /* Routerable.swift */,
				57F610F2256D32E10054BB68 /* Alertable.swift */,
			);
			path = Protocols;
			sourceTree = "<group>";
		};
		5748EC9A2564C4AF0018F250 /* Cells */ = {
			isa = PBXGroup;
			children = (
				5748ECA02564C4DF0018F250 /* CharacterCollectionViewCell.swift */,
				5748ECA12564C4DF0018F250 /* CharacterCollectionViewCell.xib */,
				57967FE92565133A007D9ADF /* FooterActivityIndicatorCollectionReusableView.swift */,
				57967FEA2565133A007D9ADF /* FooterActivityIndicatorCollectionReusableView.xib */,
			);
			path = Cells;
			sourceTree = "<group>";
		};
		5748ECA72564C9CF0018F250 /* APIs */ = {
			isa = PBXGroup;
			children = (
				57C79CAA256527F0004B36CD /* APICaller.swift */,
				5748ECB92564D6390018F250 /* RickAndMortyAPI.swift */,
				5748ECAB2564C9F00018F250 /* Models */,
			);
			path = APIs;
			sourceTree = "<group>";
		};
		5748ECAB2564C9F00018F250 /* Models */ = {
			isa = PBXGroup;
			children = (
				5748ECAC2564CA160018F250 /* CharacterFetchResult.swift */,
			);
			path = Models;
			sourceTree = "<group>";
		};
		5748ECBD2564DF970018F250 /* Extensions */ = {
			isa = PBXGroup;
			children = (
				5748ECBE2564DFA20018F250 /* Collection+Extensions.swift */,
				57F610EE256D30950054BB68 /* StringProtocol+Extensions.swift */,
				57F610F5256D42440054BB68 /* UIAlertController+Extensions.swift */,
				57967FE62565102C007D9ADF /* UIDevice+Extensions.swift */,
			);
			path = Extensions;
			sourceTree = "<group>";
		};
		5748ECC42564E5480018F250 /* Views */ = {
			isa = PBXGroup;
			children = (
				5748ECC52564E57D0018F250 /* AsyncLoadedImageView.swift */,
				57F610E2256D21E60054BB68 /* ErrorView.swift */,
				5748EC9A2564C4AF0018F250 /* Cells */,
			);
			path = Views;
			sourceTree = "<group>";
		};
/* End PBXGroup section */

/* Begin PBXNativeTarget section */
		5748EC532564A8F80018F250 /* VIPER-Test */ = {
			isa = PBXNativeTarget;
			buildConfigurationList = 5748EC682564A8FA0018F250 /* Build configuration list for PBXNativeTarget "VIPER-Test" */;
			buildPhases = (
				5748EC502564A8F80018F250 /* Sources */,
				5748EC512564A8F80018F250 /* Frameworks */,
				5748EC522564A8F80018F250 /* Resources */,
			);
			buildRules = (
			);
			dependencies = (
			);
			name = "VIPER-Test";
			productName = "VIPER-Test";
			productReference = 5748EC542564A8F80018F250 /* VIPER-Test.app */;
			productType = "com.apple.product-type.application";
		};
/* End PBXNativeTarget section */

/* Begin PBXProject section */
		5748EC4C2564A8F80018F250 /* Project object */ = {
			isa = PBXProject;
			attributes = {
				LastSwiftUpdateCheck = 1220;
				LastUpgradeCheck = 1220;
				TargetAttributes = {
					5748EC532564A8F80018F250 = {
						CreatedOnToolsVersion = 12.2;
					};
				};
			};
			buildConfigurationList = 5748EC4F2564A8F80018F250 /* Build configuration list for PBXProject "VIPER-Test" */;
			compatibilityVersion = "Xcode 9.3";
			developmentRegion = en;
			hasScannedForEncodings = 0;
			knownRegions = (
				en,
				Base,
			);
			mainGroup = 5748EC4B2564A8F80018F250;
			productRefGroup = 5748EC552564A8F80018F250 /* Products */;
			projectDirPath = "";
			projectRoot = "";
			targets = (
				5748EC532564A8F80018F250 /* VIPER-Test */,
			);
		};
/* End PBXProject section */

/* Begin PBXResourcesBuildPhase section */
		5748EC522564A8F80018F250 /* Resources */ = {
			isa = PBXResourcesBuildPhase;
			buildActionMask = 2147483647;
			files = (
				57967FEC2565133A007D9ADF /* FooterActivityIndicatorCollectionReusableView.xib in Resources */,
				57F610E0256CF35C0054BB68 /* Main.storyboard in Resources */,
				5748ECA32564C4DF0018F250 /* CharacterCollectionViewCell.xib in Resources */,
				5748EC642564A8FA0018F250 /* LaunchScreen.storyboard in Resources */,
				5748EC612564A8FA0018F250 /* Assets.xcassets in Resources */,
			);
			runOnlyForDeploymentPostprocessing = 0;
		};
/* End PBXResourcesBuildPhase section */

/* Begin PBXSourcesBuildPhase section */
		5748EC502564A8F80018F250 /* Sources */ = {
			isa = PBXSourcesBuildPhase;
			buildActionMask = 2147483647;
			files = (
				5748ECA22564C4DF0018F250 /* CharacterCollectionViewCell.swift in Sources */,
				5748EC822564AD0C0018F250 /* MainPresenter.swift in Sources */,
				5748EC962564AE0A0018F250 /* Routerable.swift in Sources */,
				57C79CAB256527F0004B36CD /* APICaller.swift in Sources */,
				5748EC882564AD240018F250 /* MainEntity.swift in Sources */,
				5748ECC22564E0A30018F250 /* MainCollectionViewDataSource.swift in Sources */,
				57967FE72565102C007D9ADF /* UIDevice+Extensions.swift in Sources */,
				5748EC932564AE030018F250 /* Viewable.swift in Sources */,
				57F610F3256D32E10054BB68 /* Alertable.swift in Sources */,
				5748EC8C2564ADF00018F250 /* Presenterable.swift in Sources */,
				57F610F6256D42440054BB68 /* UIAlertController+Extensions.swift in Sources */,
				5748EC582564A8F80018F250 /* AppDelegate.swift in Sources */,
				57F610EF256D30950054BB68 /* StringProtocol+Extensions.swift in Sources */,
				5748EC902564ADF90018F250 /* Interactorable.swift in Sources */,
				5748ECAD2564CA160018F250 /* CharacterFetchResult.swift in Sources */,
				5748EC7E2564AC9E0018F250 /* MainRouter.swift in Sources */,
				57F610E3256D21E60054BB68 /* ErrorView.swift in Sources */,
				5748EC5A2564A8F80018F250 /* SceneDelegate.swift in Sources */,
				57967FEB2565133A007D9ADF /* FooterActivityIndicatorCollectionReusableView.swift in Sources */,
				5748ECBA2564D6390018F250 /* RickAndMortyAPI.swift in Sources */,
				5748ECC62564E57D0018F250 /* AsyncLoadedImageView.swift in Sources */,
				5748EC712564A9C40018F250 /* MainViewController.swift in Sources */,
				5748EC852564AD150018F250 /* MainInteractor.swift in Sources */,
				5748ECBF2564DFA20018F250 /* Collection+Extensions.swift in Sources */,
			);
			runOnlyForDeploymentPostprocessing = 0;
		};
/* End PBXSourcesBuildPhase section */

/* Begin PBXVariantGroup section */
		5748EC622564A8FA0018F250 /* LaunchScreen.storyboard */ = {
			isa = PBXVariantGroup;
			children = (
				5748EC632564A8FA0018F250 /* Base */,
			);
			name = LaunchScreen.storyboard;
			sourceTree = "<group>";
		};
/* End PBXVariantGroup section */

/* Begin XCBuildConfiguration section */
		5748EC662564A8FA0018F250 /* Debug */ = {
			isa = XCBuildConfiguration;
			buildSettings = {
				ALWAYS_SEARCH_USER_PATHS = NO;
				CLANG_ANALYZER_NONNULL = YES;
				CLANG_ANALYZER_NUMBER_OBJECT_CONVERSION = YES_AGGRESSIVE;
				CLANG_CXX_LANGUAGE_STANDARD = "gnu++14";
				CLANG_CXX_LIBRARY = "libc++";
				CLANG_ENABLE_MODULES = YES;
				CLANG_ENABLE_OBJC_ARC = YES;
				CLANG_ENABLE_OBJC_WEAK = YES;
				CLANG_WARN_BLOCK_CAPTURE_AUTORELEASING = YES;
				CLANG_WARN_BOOL_CONVERSION = YES;
				CLANG_WARN_COMMA = YES;
				CLANG_WARN_CONSTANT_CONVERSION = YES;
				CLANG_WARN_DEPRECATED_OBJC_IMPLEMENTATIONS = YES;
				CLANG_WARN_DIRECT_OBJC_ISA_USAGE = YES_ERROR;
				CLANG_WARN_DOCUMENTATION_COMMENTS = YES;
				CLANG_WARN_EMPTY_BODY = YES;
				CLANG_WARN_ENUM_CONVERSION = YES;
				CLANG_WARN_INFINITE_RECURSION = YES;
				CLANG_WARN_INT_CONVERSION = YES;
				CLANG_WARN_NON_LITERAL_NULL_CONVERSION = YES;
				CLANG_WARN_OBJC_IMPLICIT_RETAIN_SELF = YES;
				CLANG_WARN_OBJC_LITERAL_CONVERSION = YES;
				CLANG_WARN_OBJC_ROOT_CLASS = YES_ERROR;
				CLANG_WARN_QUOTED_INCLUDE_IN_FRAMEWORK_HEADER = YES;
				CLANG_WARN_RANGE_LOOP_ANALYSIS = YES;
				CLANG_WARN_STRICT_PROTOTYPES = YES;
				CLANG_WARN_SUSPICIOUS_MOVE = YES;
				CLANG_WARN_UNGUARDED_AVAILABILITY = YES_AGGRESSIVE;
				CLANG_WARN_UNREACHABLE_CODE = YES;
				CLANG_WARN__DUPLICATE_METHOD_MATCH = YES;
				COPY_PHASE_STRIP = NO;
				DEBUG_INFORMATION_FORMAT = dwarf;
				ENABLE_STRICT_OBJC_MSGSEND = YES;
				ENABLE_TESTABILITY = YES;
				GCC_C_LANGUAGE_STANDARD = gnu11;
				GCC_DYNAMIC_NO_PIC = NO;
				GCC_NO_COMMON_BLOCKS = YES;
				GCC_OPTIMIZATION_LEVEL = 0;
				GCC_PREPROCESSOR_DEFINITIONS = (
					"DEBUG=1",
					"$(inherited)",
				);
				GCC_WARN_64_TO_32_BIT_CONVERSION = YES;
				GCC_WARN_ABOUT_RETURN_TYPE = YES_ERROR;
				GCC_WARN_UNDECLARED_SELECTOR = YES;
				GCC_WARN_UNINITIALIZED_AUTOS = YES_AGGRESSIVE;
				GCC_WARN_UNUSED_FUNCTION = YES;
				GCC_WARN_UNUSED_VARIABLE = YES;
				IPHONEOS_DEPLOYMENT_TARGET = 14.2;
				MTL_ENABLE_DEBUG_INFO = INCLUDE_SOURCE;
				MTL_FAST_MATH = YES;
				ONLY_ACTIVE_ARCH = YES;
				SDKROOT = iphoneos;
				SWIFT_ACTIVE_COMPILATION_CONDITIONS = DEBUG;
				SWIFT_OPTIMIZATION_LEVEL = "-Onone";
			};
			name = Debug;
		};
		5748EC672564A8FA0018F250 /* Release */ = {
			isa = XCBuildConfiguration;
			buildSettings = {
				ALWAYS_SEARCH_USER_PATHS = NO;
				CLANG_ANALYZER_NONNULL = YES;
				CLANG_ANALYZER_NUMBER_OBJECT_CONVERSION = YES_AGGRESSIVE;
				CLANG_CXX_LANGUAGE_STANDARD = "gnu++14";
				CLANG_CXX_LIBRARY = "libc++";
				CLANG_ENABLE_MODULES = YES;
				CLANG_ENABLE_OBJC_ARC = YES;
				CLANG_ENABLE_OBJC_WEAK = YES;
				CLANG_WARN_BLOCK_CAPTURE_AUTORELEASING = YES;
				CLANG_WARN_BOOL_CONVERSION = YES;
				CLANG_WARN_COMMA = YES;
				CLANG_WARN_CONSTANT_CONVERSION = YES;
				CLANG_WARN_DEPRECATED_OBJC_IMPLEMENTATIONS = YES;
				CLANG_WARN_DIRECT_OBJC_ISA_USAGE = YES_ERROR;
				CLANG_WARN_DOCUMENTATION_COMMENTS = YES;
				CLANG_WARN_EMPTY_BODY = YES;
				CLANG_WARN_ENUM_CONVERSION = YES;
				CLANG_WARN_INFINITE_RECURSION = YES;
				CLANG_WARN_INT_CONVERSION = YES;
				CLANG_WARN_NON_LITERAL_NULL_CONVERSION = YES;
				CLANG_WARN_OBJC_IMPLICIT_RETAIN_SELF = YES;
				CLANG_WARN_OBJC_LITERAL_CONVERSION = YES;
				CLANG_WARN_OBJC_ROOT_CLASS = YES_ERROR;
				CLANG_WARN_QUOTED_INCLUDE_IN_FRAMEWORK_HEADER = YES;
				CLANG_WARN_RANGE_LOOP_ANALYSIS = YES;
				CLANG_WARN_STRICT_PROTOTYPES = YES;
				CLANG_WARN_SUSPICIOUS_MOVE = YES;
				CLANG_WARN_UNGUARDED_AVAILABILITY = YES_AGGRESSIVE;
				CLANG_WARN_UNREACHABLE_CODE = YES;
				CLANG_WARN__DUPLICATE_METHOD_MATCH = YES;
				COPY_PHASE_STRIP = NO;
				DEBUG_INFORMATION_FORMAT = "dwarf-with-dsym";
				ENABLE_NS_ASSERTIONS = NO;
				ENABLE_STRICT_OBJC_MSGSEND = YES;
				GCC_C_LANGUAGE_STANDARD = gnu11;
				GCC_NO_COMMON_BLOCKS = YES;
				GCC_WARN_64_TO_32_BIT_CONVERSION = YES;
				GCC_WARN_ABOUT_RETURN_TYPE = YES_ERROR;
				GCC_WARN_UNDECLARED_SELECTOR = YES;
				GCC_WARN_UNINITIALIZED_AUTOS = YES_AGGRESSIVE;
				GCC_WARN_UNUSED_FUNCTION = YES;
				GCC_WARN_UNUSED_VARIABLE = YES;
				IPHONEOS_DEPLOYMENT_TARGET = 14.2;
				MTL_ENABLE_DEBUG_INFO = NO;
				MTL_FAST_MATH = YES;
				SDKROOT = iphoneos;
				SWIFT_COMPILATION_MODE = wholemodule;
				SWIFT_OPTIMIZATION_LEVEL = "-O";
				VALIDATE_PRODUCT = YES;
			};
			name = Release;
		};
		5748EC692564A8FA0018F250 /* Debug */ = {
			isa = XCBuildConfiguration;
			buildSettings = {
				ASSETCATALOG_COMPILER_APPICON_NAME = AppIcon;
				ASSETCATALOG_COMPILER_GLOBAL_ACCENT_COLOR_NAME = AccentColor;
				CODE_SIGN_STYLE = Automatic;
				DEVELOPMENT_TEAM = 44ANS5M7N7;
				INFOPLIST_FILE = "VIPER-Test/Resources/Info.plist";
				IPHONEOS_DEPLOYMENT_TARGET = 13.0;
				LD_RUNPATH_SEARCH_PATHS = (
					"$(inherited)",
					"@executable_path/Frameworks",
				);
				PRODUCT_BUNDLE_IDENTIFIER = "example.VIPER-Test";
				PRODUCT_NAME = "$(TARGET_NAME)";
				SWIFT_VERSION = 5.0;
				TARGETED_DEVICE_FAMILY = "1,2";
			};
			name = Debug;
		};
		5748EC6A2564A8FA0018F250 /* Release */ = {
			isa = XCBuildConfiguration;
			buildSettings = {
				ASSETCATALOG_COMPILER_APPICON_NAME = AppIcon;
				ASSETCATALOG_COMPILER_GLOBAL_ACCENT_COLOR_NAME = AccentColor;
				CODE_SIGN_STYLE = Automatic;
				DEVELOPMENT_TEAM = 44ANS5M7N7;
				INFOPLIST_FILE = "VIPER-Test/Resources/Info.plist";
				IPHONEOS_DEPLOYMENT_TARGET = 13.0;
				LD_RUNPATH_SEARCH_PATHS = (
					"$(inherited)",
					"@executable_path/Frameworks",
				);
				PRODUCT_BUNDLE_IDENTIFIER = "example.VIPER-Test";
				PRODUCT_NAME = "$(TARGET_NAME)";
				SWIFT_VERSION = 5.0;
				TARGETED_DEVICE_FAMILY = "1,2";
			};
			name = Release;
		};
/* End XCBuildConfiguration section */

/* Begin XCConfigurationList section */
		5748EC4F2564A8F80018F250 /* Build configuration list for PBXProject "VIPER-Test" */ = {
			isa = XCConfigurationList;
			buildConfigurations = (
				5748EC662564A8FA0018F250 /* Debug */,
				5748EC672564A8FA0018F250 /* Release */,
			);
			defaultConfigurationIsVisible = 0;
			defaultConfigurationName = Release;
		};
		5748EC682564A8FA0018F250 /* Build configuration list for PBXNativeTarget "VIPER-Test" */ = {
			isa = XCConfigurationList;
			buildConfigurations = (
				5748EC692564A8FA0018F250 /* Debug */,
				5748EC6A2564A8FA0018F250 /* Release */,
			);
			defaultConfigurationIsVisible = 0;
			defaultConfigurationName = Release;
		};
/* End XCConfigurationList section */
	};
	rootObject = 5748EC4C2564A8F80018F250 /* Project object */;
}
